// !$*UTF8*$!
{
	archiveVersion = 1;
	classes = {
	};
	objectVersion = 50;
	objects = {

/* Begin PBXBuildFile section */
		819B05C3226383DB00992CE8 /* AppDelegate.swift in Sources */ = {isa = PBXBuildFile; fileRef = 819B05C2226383DB00992CE8 /* AppDelegate.swift */; };
		819B05C8226383DC00992CE8 /* Main.storyboard in Resources */ = {isa = PBXBuildFile; fileRef = 819B05C6226383DC00992CE8 /* Main.storyboard */; };
		819B05CA226383DD00992CE8 /* Assets.xcassets in Resources */ = {isa = PBXBuildFile; fileRef = 819B05C9226383DD00992CE8 /* Assets.xcassets */; };
		819B05CD226383DD00992CE8 /* LaunchScreen.storyboard in Resources */ = {isa = PBXBuildFile; fileRef = 819B05CB226383DD00992CE8 /* LaunchScreen.storyboard */; };
		819B05D5226385BA00992CE8 /* MenuViewController.swift in Sources */ = {isa = PBXBuildFile; fileRef = 819B05D4226385BA00992CE8 /* MenuViewController.swift */; };
		819B05D7226385D100992CE8 /* MenuViewModel.swift in Sources */ = {isa = PBXBuildFile; fileRef = 819B05D6226385D100992CE8 /* MenuViewModel.swift */; };
		819B05DD2263865200992CE8 /* HomeViewController.swift in Sources */ = {isa = PBXBuildFile; fileRef = 819B05DC2263865200992CE8 /* HomeViewController.swift */; };
		819B05DF2263865D00992CE8 /* HomeViewModel.swift in Sources */ = {isa = PBXBuildFile; fileRef = 819B05DE2263865D00992CE8 /* HomeViewModel.swift */; };
		819B05E2226386F100992CE8 /* MenuCell.swift in Sources */ = {isa = PBXBuildFile; fileRef = 819B05E1226386F100992CE8 /* MenuCell.swift */; };
		819B05E52263AD0000992CE8 /* DetailViewController.swift in Sources */ = {isa = PBXBuildFile; fileRef = 819B05E42263AD0000992CE8 /* DetailViewController.swift */; };
		819B05E72263AD2000992CE8 /* DetailCell.swift in Sources */ = {isa = PBXBuildFile; fileRef = 819B05E62263AD2000992CE8 /* DetailCell.swift */; };
		819B05E92263E15000992CE8 /* DetailViewModel.swift in Sources */ = {isa = PBXBuildFile; fileRef = 819B05E82263E15000992CE8 /* DetailViewModel.swift */; };
		819B05EB2263EEE100992CE8 /* ImsaData.json in Resources */ = {isa = PBXBuildFile; fileRef = 819B05EA2263EEE100992CE8 /* ImsaData.json */; };
/* End PBXBuildFile section */

/* Begin PBXFileReference section */
		819B05BF226383DB00992CE8 /* UIDemo.app */ = {isa = PBXFileReference; explicitFileType = wrapper.application; includeInIndex = 0; path = UIDemo.app; sourceTree = BUILT_PRODUCTS_DIR; };
		819B05C2226383DB00992CE8 /* AppDelegate.swift */ = {isa = PBXFileReference; lastKnownFileType = sourcecode.swift; path = AppDelegate.swift; sourceTree = "<group>"; };
		819B05C7226383DC00992CE8 /* Base */ = {isa = PBXFileReference; lastKnownFileType = file.storyboard; name = Base; path = Base.lproj/Main.storyboard; sourceTree = "<group>"; };
		819B05C9226383DD00992CE8 /* Assets.xcassets */ = {isa = PBXFileReference; lastKnownFileType = folder.assetcatalog; path = Assets.xcassets; sourceTree = "<group>"; };
		819B05CC226383DD00992CE8 /* Base */ = {isa = PBXFileReference; lastKnownFileType = file.storyboard; name = Base; path = Base.lproj/LaunchScreen.storyboard; sourceTree = "<group>"; };
		819B05CE226383DD00992CE8 /* Info.plist */ = {isa = PBXFileReference; lastKnownFileType = text.plist.xml; path = Info.plist; sourceTree = "<group>"; };
		819B05D4226385BA00992CE8 /* MenuViewController.swift */ = {isa = PBXFileReference; lastKnownFileType = sourcecode.swift; path = MenuViewController.swift; sourceTree = "<group>"; };
		819B05D6226385D100992CE8 /* MenuViewModel.swift */ = {isa = PBXFileReference; lastKnownFileType = sourcecode.swift; path = MenuViewModel.swift; sourceTree = "<group>"; };
		819B05DC2263865200992CE8 /* HomeViewController.swift */ = {isa = PBXFileReference; lastKnownFileType = sourcecode.swift; path = HomeViewController.swift; sourceTree = "<group>"; };
		819B05DE2263865D00992CE8 /* HomeViewModel.swift */ = {isa = PBXFileReference; lastKnownFileType = sourcecode.swift; path = HomeViewModel.swift; sourceTree = "<group>"; };
		819B05E1226386F100992CE8 /* MenuCell.swift */ = {isa = PBXFileReference; lastKnownFileType = sourcecode.swift; path = MenuCell.swift; sourceTree = "<group>"; };
		819B05E42263AD0000992CE8 /* DetailViewController.swift */ = {isa = PBXFileReference; lastKnownFileType = sourcecode.swift; path = DetailViewController.swift; sourceTree = "<group>"; };
		819B05E62263AD2000992CE8 /* DetailCell.swift */ = {isa = PBXFileReference; lastKnownFileType = sourcecode.swift; path = DetailCell.swift; sourceTree = "<group>"; };
		819B05E82263E15000992CE8 /* DetailViewModel.swift */ = {isa = PBXFileReference; lastKnownFileType = sourcecode.swift; path = DetailViewModel.swift; sourceTree = "<group>"; };
		819B05EA2263EEE100992CE8 /* ImsaData.json */ = {isa = PBXFileReference; fileEncoding = 4; lastKnownFileType = text.json; path = ImsaData.json; sourceTree = "<group>"; };
/* End PBXFileReference section */

/* Begin PBXFrameworksBuildPhase section */
		819B05BC226383DB00992CE8 /* Frameworks */ = {
			isa = PBXFrameworksBuildPhase;
			buildActionMask = 2147483647;
			files = (
			);
			runOnlyForDeploymentPostprocessing = 0;
		};
/* End PBXFrameworksBuildPhase section */

/* Begin PBXGroup section */
		819B05B6226383DB00992CE8 = {
			isa = PBXGroup;
			children = (
				819B05C1226383DB00992CE8 /* UIDemo */,
				819B05C0226383DB00992CE8 /* Products */,
			);
			sourceTree = "<group>";
		};
		819B05C0226383DB00992CE8 /* Products */ = {
			isa = PBXGroup;
			children = (
				819B05BF226383DB00992CE8 /* UIDemo.app */,
			);
			name = Products;
			sourceTree = "<group>";
		};
		819B05C1226383DB00992CE8 /* UIDemo */ = {
			isa = PBXGroup;
			children = (
				819B05DA226385E900992CE8 /* Source */,
				819B05DB226385FE00992CE8 /* Supporting Files */,
			);
			path = UIDemo;
			sourceTree = "<group>";
		};
		819B05D8226385D700992CE8 /* Menu */ = {
			isa = PBXGroup;
			children = (
				819B05D4226385BA00992CE8 /* MenuViewController.swift */,
				819B05D6226385D100992CE8 /* MenuViewModel.swift */,
				819B05E1226386F100992CE8 /* MenuCell.swift */,
			);
			path = Menu;
			sourceTree = "<group>";
		};
		819B05D9226385DB00992CE8 /* Home */ = {
			isa = PBXGroup;
			children = (
				819B05DC2263865200992CE8 /* HomeViewController.swift */,
				819B05DE2263865D00992CE8 /* HomeViewModel.swift */,
			);
			path = Home;
			sourceTree = "<group>";
		};
		819B05DA226385E900992CE8 /* Source */ = {
			isa = PBXGroup;
			children = (
				819B05C2226383DB00992CE8 /* AppDelegate.swift */,
				819B05C6226383DC00992CE8 /* Main.storyboard */,
				819B05E32263ACDD00992CE8 /* Detail */,
				819B05D9226385DB00992CE8 /* Home */,
				819B05E0226386A000992CE8 /* Resources */,
				819B05D8226385D700992CE8 /* Menu */,
			);
			path = Source;
			sourceTree = "<group>";
		};
		819B05DB226385FE00992CE8 /* Supporting Files */ = {
			isa = PBXGroup;
			children = (
				819B05CE226383DD00992CE8 /* Info.plist */,
			);
			path = "Supporting Files";
			sourceTree = "<group>";
		};
		819B05E0226386A000992CE8 /* Resources */ = {
			isa = PBXGroup;
			children = (
				819B05EA2263EEE100992CE8 /* ImsaData.json */,
				819B05C9226383DD00992CE8 /* Assets.xcassets */,
				819B05CB226383DD00992CE8 /* LaunchScreen.storyboard */,
			);
			path = Resources;
			sourceTree = "<group>";
		};
		819B05E32263ACDD00992CE8 /* Detail */ = {
			isa = PBXGroup;
			children = (
				819B05E42263AD0000992CE8 /* DetailViewController.swift */,
				819B05E82263E15000992CE8 /* DetailViewModel.swift */,
				819B05E62263AD2000992CE8 /* DetailCell.swift */,
			);
			path = Detail;
			sourceTree = "<group>";
		};
/* End PBXGroup section */

/* Begin PBXNativeTarget section */
		819B05BE226383DB00992CE8 /* UIDemo */ = {
			isa = PBXNativeTarget;
			buildConfigurationList = 819B05D1226383DD00992CE8 /* Build configuration list for PBXNativeTarget "UIDemo" */;
			buildPhases = (
				819B05BB226383DB00992CE8 /* Sources */,
				819B05BC226383DB00992CE8 /* Frameworks */,
				819B05BD226383DB00992CE8 /* Resources */,
			);
			buildRules = (
			);
			dependencies = (
			);
			name = UIDemo;
			productName = UIDemo;
			productReference = 819B05BF226383DB00992CE8 /* UIDemo.app */;
			productType = "com.apple.product-type.application";
		};
/* End PBXNativeTarget section */

/* Begin PBXProject section */
		819B05B7226383DB00992CE8 /* Project object */ = {
			isa = PBXProject;
			attributes = {
				LastSwiftUpdateCheck = 1020;
				LastUpgradeCheck = 1020;
				ORGANIZATIONNAME = MRC;
				TargetAttributes = {
					819B05BE226383DB00992CE8 = {
						CreatedOnToolsVersion = 10.2;
					};
				};
			};
			buildConfigurationList = 819B05BA226383DB00992CE8 /* Build configuration list for PBXProject "UIDemo" */;
			compatibilityVersion = "Xcode 9.3";
			developmentRegion = en;
			hasScannedForEncodings = 0;
			knownRegions = (
				en,
				Base,
			);
			mainGroup = 819B05B6226383DB00992CE8;
			productRefGroup = 819B05C0226383DB00992CE8 /* Products */;
			projectDirPath = "";
			projectRoot = "";
			targets = (
				819B05BE226383DB00992CE8 /* UIDemo */,
			);
		};
/* End PBXProject section */

/* Begin PBXResourcesBuildPhase section */
		819B05BD226383DB00992CE8 /* Resources */ = {
			isa = PBXResourcesBuildPhase;
			buildActionMask = 2147483647;
			files = (
				819B05CD226383DD00992CE8 /* LaunchScreen.storyboard in Resources */,
				819B05EB2263EEE100992CE8 /* ImsaData.json in Resources */,
				819B05CA226383DD00992CE8 /* Assets.xcassets in Resources */,
				819B05C8226383DC00992CE8 /* Main.storyboard in Resources */,
			);
			runOnlyForDeploymentPostprocessing = 0;
		};
/* End PBXResourcesBuildPhase section */

/* Begin PBXSourcesBuildPhase section */
		819B05BB226383DB00992CE8 /* Sources */ = {
			isa = PBXSourcesBuildPhase;
			buildActionMask = 2147483647;
			files = (
				819B05DD2263865200992CE8 /* HomeViewController.swift in Sources */,
				819B05DF2263865D00992CE8 /* HomeViewModel.swift in Sources */,
				819B05D5226385BA00992CE8 /* MenuViewController.swift in Sources */,
				819B05C3226383DB00992CE8 /* AppDelegate.swift in Sources */,
				819B05E92263E15000992CE8 /* DetailViewModel.swift in Sources */,
				819B05D7226385D100992CE8 /* MenuViewModel.swift in Sources */,
				819B05E2226386F100992CE8 /* MenuCell.swift in Sources */,
				819B05E72263AD2000992CE8 /* DetailCell.swift in Sources */,
				819B05E52263AD0000992CE8 /* DetailViewController.swift in Sources */,
			);
			runOnlyForDeploymentPostprocessing = 0;
		};
/* End PBXSourcesBuildPhase section */

/* Begin PBXVariantGroup section */
		819B05C6226383DC00992CE8 /* Main.storyboard */ = {
			isa = PBXVariantGroup;
			children = (
				819B05C7226383DC00992CE8 /* Base */,
			);
			name = Main.storyboard;
			sourceTree = "<group>";
		};
		819B05CB226383DD00992CE8 /* LaunchScreen.storyboard */ = {
			isa = PBXVariantGroup;
			children = (
				819B05CC226383DD00992CE8 /* Base */,
			);
			name = LaunchScreen.storyboard;
			sourceTree = "<group>";
		};
/* End PBXVariantGroup section */

/* Begin XCBuildConfiguration section */
		819B05CF226383DD00992CE8 /* Debug */ = {
			isa = XCBuildConfiguration;
			buildSettings = {
				ALWAYS_SEARCH_USER_PATHS = NO;
				CLANG_ANALYZER_NONNULL = YES;
				CLANG_ANALYZER_NUMBER_OBJECT_CONVERSION = YES_AGGRESSIVE;
				CLANG_CXX_LANGUAGE_STANDARD = "gnu++14";
				CLANG_CXX_LIBRARY = "libc++";
				CLANG_ENABLE_MODULES = YES;
				CLANG_ENABLE_OBJC_ARC = YES;
				CLANG_ENABLE_OBJC_WEAK = YES;
				CLANG_WARN_BLOCK_CAPTURE_AUTORELEASING = YES;
				CLANG_WARN_BOOL_CONVERSION = YES;
				CLANG_WARN_COMMA = YES;
				CLANG_WARN_CONSTANT_CONVERSION = YES;
				CLANG_WARN_DEPRECATED_OBJC_IMPLEMENTATIONS = YES;
				CLANG_WARN_DIRECT_OBJC_ISA_USAGE = YES_ERROR;
				CLANG_WARN_DOCUMENTATION_COMMENTS = YES;
				CLANG_WARN_EMPTY_BODY = YES;
				CLANG_WARN_ENUM_CONVERSION = YES;
				CLANG_WARN_INFINITE_RECURSION = YES;
				CLANG_WARN_INT_CONVERSION = YES;
				CLANG_WARN_NON_LITERAL_NULL_CONVERSION = YES;
				CLANG_WARN_OBJC_IMPLICIT_RETAIN_SELF = YES;
				CLANG_WARN_OBJC_LITERAL_CONVERSION = YES;
				CLANG_WARN_OBJC_ROOT_CLASS = YES_ERROR;
				CLANG_WARN_RANGE_LOOP_ANALYSIS = YES;
				CLANG_WARN_STRICT_PROTOTYPES = YES;
				CLANG_WARN_SUSPICIOUS_MOVE = YES;
				CLANG_WARN_UNGUARDED_AVAILABILITY = YES_AGGRESSIVE;
				CLANG_WARN_UNREACHABLE_CODE = YES;
				CLANG_WARN__DUPLICATE_METHOD_MATCH = YES;
				CODE_SIGN_IDENTITY = "iPhone Developer";
				COPY_PHASE_STRIP = NO;
				DEBUG_INFORMATION_FORMAT = dwarf;
				ENABLE_STRICT_OBJC_MSGSEND = YES;
				ENABLE_TESTABILITY = YES;
				GCC_C_LANGUAGE_STANDARD = gnu11;
				GCC_DYNAMIC_NO_PIC = NO;
				GCC_NO_COMMON_BLOCKS = YES;
				GCC_OPTIMIZATION_LEVEL = 0;
				GCC_PREPROCESSOR_DEFINITIONS = (
					"DEBUG=1",
					"$(inherited)",
				);
				GCC_WARN_64_TO_32_BIT_CONVERSION = YES;
				GCC_WARN_ABOUT_RETURN_TYPE = YES_ERROR;
				GCC_WARN_UNDECLARED_SELECTOR = YES;
				GCC_WARN_UNINITIALIZED_AUTOS = YES_AGGRESSIVE;
				GCC_WARN_UNUSED_FUNCTION = YES;
				GCC_WARN_UNUSED_VARIABLE = YES;
				IPHONEOS_DEPLOYMENT_TARGET = 12.2;
				MTL_ENABLE_DEBUG_INFO = INCLUDE_SOURCE;
				MTL_FAST_MATH = YES;
				ONLY_ACTIVE_ARCH = YES;
				SDKROOT = iphoneos;
				SWIFT_ACTIVE_COMPILATION_CONDITIONS = DEBUG;
				SWIFT_OPTIMIZATION_LEVEL = "-Onone";
			};
			name = Debug;
		};
		819B05D0226383DD00992CE8 /* Release */ = {
			isa = XCBuildConfiguration;
			buildSettings = {
				ALWAYS_SEARCH_USER_PATHS = NO;
				CLANG_ANALYZER_NONNULL = YES;
				CLANG_ANALYZER_NUMBER_OBJECT_CONVERSION = YES_AGGRESSIVE;
				CLANG_CXX_LANGUAGE_STANDARD = "gnu++14";
				CLANG_CXX_LIBRARY = "libc++";
				CLANG_ENABLE_MODULES = YES;
				CLANG_ENABLE_OBJC_ARC = YES;
				CLANG_ENABLE_OBJC_WEAK = YES;
				CLANG_WARN_BLOCK_CAPTURE_AUTORELEASING = YES;
				CLANG_WARN_BOOL_CONVERSION = YES;
				CLANG_WARN_COMMA = YES;
				CLANG_WARN_CONSTANT_CONVERSION = YES;
				CLANG_WARN_DEPRECATED_OBJC_IMPLEMENTATIONS = YES;
				CLANG_WARN_DIRECT_OBJC_ISA_USAGE = YES_ERROR;
				CLANG_WARN_DOCUMENTATION_COMMENTS = YES;
				CLANG_WARN_EMPTY_BODY = YES;
				CLANG_WARN_ENUM_CONVERSION = YES;
				CLANG_WARN_INFINITE_RECURSION = YES;
				CLANG_WARN_INT_CONVERSION = YES;
				CLANG_WARN_NON_LITERAL_NULL_CONVERSION = YES;
				CLANG_WARN_OBJC_IMPLICIT_RETAIN_SELF = YES;
				CLANG_WARN_OBJC_LITERAL_CONVERSION = YES;
				CLANG_WARN_OBJC_ROOT_CLASS = YES_ERROR;
				CLANG_WARN_RANGE_LOOP_ANALYSIS = YES;
				CLANG_WARN_STRICT_PROTOTYPES = YES;
				CLANG_WARN_SUSPICIOUS_MOVE = YES;
				CLANG_WARN_UNGUARDED_AVAILABILITY = YES_AGGRESSIVE;
				CLANG_WARN_UNREACHABLE_CODE = YES;
				CLANG_WARN__DUPLICATE_METHOD_MATCH = YES;
				CODE_SIGN_IDENTITY = "iPhone Developer";
				COPY_PHASE_STRIP = NO;
				DEBUG_INFORMATION_FORMAT = "dwarf-with-dsym";
				ENABLE_NS_ASSERTIONS = NO;
				ENABLE_STRICT_OBJC_MSGSEND = YES;
				GCC_C_LANGUAGE_STANDARD = gnu11;
				GCC_NO_COMMON_BLOCKS = YES;
				GCC_WARN_64_TO_32_BIT_CONVERSION = YES;
				GCC_WARN_ABOUT_RETURN_TYPE = YES_ERROR;
				GCC_WARN_UNDECLARED_SELECTOR = YES;
				GCC_WARN_UNINITIALIZED_AUTOS = YES_AGGRESSIVE;
				GCC_WARN_UNUSED_FUNCTION = YES;
				GCC_WARN_UNUSED_VARIABLE = YES;
				IPHONEOS_DEPLOYMENT_TARGET = 12.2;
				MTL_ENABLE_DEBUG_INFO = NO;
				MTL_FAST_MATH = YES;
				SDKROOT = iphoneos;
				SWIFT_COMPILATION_MODE = wholemodule;
				SWIFT_OPTIMIZATION_LEVEL = "-O";
				VALIDATE_PRODUCT = YES;
			};
			name = Release;
		};
		819B05D2226383DD00992CE8 /* Debug */ = {
			isa = XCBuildConfiguration;
			buildSettings = {
				ASSETCATALOG_COMPILER_APPICON_NAME = AppIcon;
				CODE_SIGN_STYLE = Automatic;
				DEVELOPMENT_TEAM = 4P8A43ABAU;
				INFOPLIST_FILE = "UIDemo/Supporting Files/Info.plist";
				LD_RUNPATH_SEARCH_PATHS = (
					"$(inherited)",
					"@executable_path/Frameworks",
				);
				PRODUCT_BUNDLE_IDENTIFIER = com.mrc.UIDemo;
				PRODUCT_NAME = "$(TARGET_NAME)";
				SWIFT_VERSION = 5.0;
				TARGETED_DEVICE_FAMILY = "1,2";
			};
			name = Debug;
		};
		819B05D3226383DD00992CE8 /* Release */ = {
			isa = XCBuildConfiguration;
			buildSettings = {
				ASSETCATALOG_COMPILER_APPICON_NAME = AppIcon;
				CODE_SIGN_STYLE = Automatic;
				DEVELOPMENT_TEAM = 4P8A43ABAU;
				INFOPLIST_FILE = "UIDemo/Supporting Files/Info.plist";
				LD_RUNPATH_SEARCH_PATHS = (
					"$(inherited)",
					"@executable_path/Frameworks",
				);
				PRODUCT_BUNDLE_IDENTIFIER = com.mrc.UIDemo;
				PRODUCT_NAME = "$(TARGET_NAME)";
				SWIFT_VERSION = 5.0;
				TARGETED_DEVICE_FAMILY = "1,2";
			};
			name = Release;
		};
/* End XCBuildConfiguration section */

/* Begin XCConfigurationList section */
		819B05BA226383DB00992CE8 /* Build configuration list for PBXProject "UIDemo" */ = {
			isa = XCConfigurationList;
			buildConfigurations = (
				819B05CF226383DD00992CE8 /* Debug */,
				819B05D0226383DD00992CE8 /* Release */,
			);
			defaultConfigurationIsVisible = 0;
			defaultConfigurationName = Release;
		};
		819B05D1226383DD00992CE8 /* Build configuration list for PBXNativeTarget "UIDemo" */ = {
			isa = XCConfigurationList;
			buildConfigurations = (
				819B05D2226383DD00992CE8 /* Debug */,
				819B05D3226383DD00992CE8 /* Release */,
			);
			defaultConfigurationIsVisible = 0;
			defaultConfigurationName = Release;
		};
/* End XCConfigurationList section */
	};
	rootObject = 819B05B7226383DB00992CE8 /* Project object */;
}
